{
  "name": "yunfuwu",
  "version": "1.0.0",
  "lockfileVersion": 1,
  "requires": true,
  "dependencies": {
    "vant-weapp": {
      "version": "0.5.15",
      "resolved": "https://registry.npmjs.org/vant-weapp/-/vant-weapp-0.5.15.tgz",
      "integrity": "sha512-yB5tECjJDdXxFZtbeXJaKSnic9mi/ogHzJ9EzzYCbdIXQyNOJ4/Syyf4ohBhFcreOg/hpN1bRPNu4ukMWvGsVg=="
    },
    "weui-miniprogram": {
      "version": "0.2.2",
      "resolved": "https://registry.npmjs.org/weui-miniprogram/-/weui-miniprogram-0.2.2.tgz",
      "integrity": "sha512-Gn1ahB3YyfnMO+KPRl4ixGQZnbefmS4NZPBiY50FjLO6aBqt3xUvnXaT1B2AhMWfsUq2dWLvedJqCTmi0hP/jg=="
    }
  }
}
